
Microsoft Visual Studio Solution File, Format Version 12.00
# Visual Studio Version 17
VisualStudioVersion = 17.14.36603.0 d17.14
MinimumVisualStudioVersion = 10.0.40219.1
Project("{FAE04EC0-301F-11D3-BF4B-00C04F79EFBC}") = "DentalClinicApp", "DentalClinicApp_Final\DentalClinicApp.csproj", "{396B16D2-5D01-51E5-B511-6943493AF49C}"
EndProject
Global
	GlobalSection(SolutionConfigurationPlatforms) = preSolution
		Debug|Any CPU = Debug|Any CPU
		Release|Any CPU = Release|Any CPU
	EndGlobalSection
	GlobalSection(ProjectConfigurationPlatforms) = postSolution
		{396B16D2-5D01-51E5-B511-6943493AF49C}.Debug|Any CPU.ActiveCfg = Debug|Any CPU
		{396B16D2-5D01-51E5-B511-6943493AF49C}.Debug|Any CPU.Build.0 = Debug|Any CPU
		{396B16D2-5D01-51E5-B511-6943493AF49C}.Release|Any CPU.ActiveCfg = Release|Any CPU
		{396B16D2-5D01-51E5-B511-6943493AF49C}.Release|Any CPU.Build.0 = Release|Any CPU
	EndGlobalSection
	GlobalSection(SolutionProperties) = preSolution
		HideSolutionNode = FALSE
	EndGlobalSection
	GlobalSection(ExtensibilityGlobals) = postSolution
		SolutionGuid = {D10C139A-349E-4210-A304-FD94E65975E5}
	EndGlobalSection
EndGlobal
